Microsoft Visual Studio Solution File, Format Version 12.00
# Visual Studio Version 17
VisualStudioVersion = 17.5.2.0
MinimumVisualStudioVersion = 10.0.40219.1
Project("{FAE04EC0-301F-11D3-BF4B-00C04F79EFBC}") = "PromoComparerAPI", "PromoComparerAPI.csproj", "{3FADC420-4E4D-E5B4-4B03-F968C4477619}"
EndProject
Global
	GlobalSection(SolutionConfigurationPlatforms) = preSolution
		Debug|Any CPU = Debug|Any CPU
		Release|Any CPU = Release|Any CPU
	EndGlobalSection
	GlobalSection(ProjectConfigurationPlatforms) = postSolution
		{3FADC420-4E4D-E5B4-4B03-F968C4477619}.Debug|Any CPU.ActiveCfg = Debug|Any CPU
		{3FADC420-4E4D-E5B4-4B03-F968C4477619}.Debug|Any CPU.Build.0 = Debug|Any CPU
		{3FADC420-4E4D-E5B4-4B03-F968C4477619}.Release|Any CPU.ActiveCfg = Release|Any CPU
		{3FADC420-4E4D-E5B4-4B03-F968C4477619}.Release|Any CPU.Build.0 = Release|Any CPU
	EndGlobalSection
	GlobalSection(SolutionProperties) = preSolution
		HideSolutionNode = FALSE
	EndGlobalSection
	GlobalSection(ExtensibilityGlobals) = postSolution
		SolutionGuid = {33266829-E5A6-4539-B1A9-985D3DEE2A88}
	EndGlobalSection
EndGlobal
