
Microsoft Visual Studio Solution File, Format Version 12.00
# Visual Studio Version 17
VisualStudioVersion = 17.11.35312.102
MinimumVisualStudioVersion = 10.0.40219.1
Project("{9A19103F-16F7-4668-BE54-9A1E7A4F7556}") = "PromoComparerAPI", "PromoComparerAPI\PromoComparerAPI.csproj", "{F77E6ACB-51AC-41B3-B8C1-DE2C8807ADEC}"
EndProject
Global
	GlobalSection(SolutionConfigurationPlatforms) = preSolution
		Debug|Any CPU = Debug|Any CPU
		Debug|x64 = Debug|x64
		Release|Any CPU = Release|Any CPU
		Release|x64 = Release|x64
	EndGlobalSection
	GlobalSection(ProjectConfigurationPlatforms) = postSolution
		{F77E6ACB-51AC-41B3-B8C1-DE2C8807ADEC}.Debug|Any CPU.ActiveCfg = Debug|Any CPU
		{F77E6ACB-51AC-41B3-B8C1-DE2C8807ADEC}.Debug|Any CPU.Build.0 = Debug|Any CPU
		{F77E6ACB-51AC-41B3-B8C1-DE2C8807ADEC}.Debug|x64.ActiveCfg = Debug|x64
		{F77E6ACB-51AC-41B3-B8C1-DE2C8807ADEC}.Debug|x64.Build.0 = Debug|x64
		{F77E6ACB-51AC-41B3-B8C1-DE2C8807ADEC}.Release|Any CPU.ActiveCfg = Release|Any CPU
		{F77E6ACB-51AC-41B3-B8C1-DE2C8807ADEC}.Release|Any CPU.Build.0 = Release|Any CPU
		{F77E6ACB-51AC-41B3-B8C1-DE2C8807ADEC}.Release|x64.ActiveCfg = Release|x64
		{F77E6ACB-51AC-41B3-B8C1-DE2C8807ADEC}.Release|x64.Build.0 = Release|x64
	EndGlobalSection
	GlobalSection(SolutionProperties) = preSolution
		HideSolutionNode = FALSE
	EndGlobalSection
	GlobalSection(ExtensibilityGlobals) = postSolution
		SolutionGuid = {53A20BA9-E963-4303-AD9A-F756A5D1147D}
	EndGlobalSection
EndGlobal
